<?xml version="1.0" encoding="utf-8"?>
<Project ToolsVersion="4.0" xmlns="http://schemas.microsoft.com/developer/msbuild/2003">
  <ItemGroup>
    <Filter Include="Source Files">
      <UniqueIdentifier>{2e649512-329e-4442-a12f-6d810a2793d4}</UniqueIdentifier>
      <Extensions>cpp;c;cxx;def;odl;idl;hpj;bat;asm</Extensions>
    </Filter>
    <Filter Include="Header Files">
      <UniqueIdentifier>{c964aaa2-92b4-4635-b186-9007a885ea4d}</UniqueIdentifier>
      <Extensions>h;hpp;hxx;hm;inl;inc</Extensions>
    </Filter>
    <Filter Include="Resource Files">
      <UniqueIdentifier>{f0e37c34-09f3-43d9-a7c1-f68f7d75dd2b}</UniqueIdentifier>
      <Extensions>rc;ico;cur;bmp;dlg;rc2;rct;bin;rgs;jpg;jpeg;jpe;manifest</Extensions>
    </Filter>
  </ItemGroup>
  <ItemGroup>
    <ClCompile Include="stdafx.cpp">
      <Filter>Source Files</Filter>
    </ClCompile>
    <ClCompile Include="JobExplorer.cpp">
      <Filter>Source Files</Filter>
    </ClCompile>
    <ClCompile Include="MainFrm.cpp">
      <Filter>Source Files</Filter>
    </ClCompile>
    <ClCompile Include="View.cpp">
      <Filter>Source Files</Filter>
    </ClCompile>
    <ClCompile Include="AboutDlg.cpp">
      <Filter>Source Files</Filter>
    </ClCompile>
    <ClCompile Include="JobManager.cpp">
      <Filter>Source Files</Filter>
    </ClCompile>
    <ClCompile Include="FormatHelper.cpp">
      <Filter>Source Files</Filter>
    </ClCompile>
    <ClCompile Include="ClipboardHelper.cpp">
      <Filter>Source Files</Filter>
    </ClCompile>
    <ClCompile Include="SecurityHelper.cpp">
      <Filter>Source Files</Filter>
    </ClCompile>
    <ClCompile Include="ProcessHelper.cpp">
      <Filter>Source Files</Filter>
    </ClCompile>
    <ClCompile Include="DriverHelper.cpp">
      <Filter>Source Files</Filter>
    </ClCompile>
  </ItemGroup>
  <ItemGroup>
    <ClInclude Include="stdafx.h">
      <Filter>Header Files</Filter>
    </ClInclude>
    <ClInclude Include="MainFrm.h">
      <Filter>Header Files</Filter>
    </ClInclude>
    <ClInclude Include="View.h">
      <Filter>Header Files</Filter>
    </ClInclude>
    <ClInclude Include="AboutDlg.h">
      <Filter>Header Files</Filter>
    </ClInclude>
    <ClInclude Include="resource.h">
      <Filter>Header Files</Filter>
    </ClInclude>
    <ClInclude Include="JobManager.h">
      <Filter>Header Files</Filter>
    </ClInclude>
    <ClInclude Include="NtDll.h">
      <Filter>Header Files</Filter>
    </ClInclude>
    <ClInclude Include="VirtualListView.h">
      <Filter>Header Files</Filter>
    </ClInclude>
    <ClInclude Include="UndocListView.h">
      <Filter>Header Files</Filter>
    </ClInclude>
    <ClInclude Include="FormatHelper.h">
      <Filter>Header Files</Filter>
    </ClInclude>
    <ClInclude Include="IFrame.h">
      <Filter>Header Files</Filter>
    </ClInclude>
    <ClInclude Include="ClipboardHelper.h">
      <Filter>Header Files</Filter>
    </ClInclude>
    <ClInclude Include="SecurityHelper.h">
      <Filter>Header Files</Filter>
    </ClInclude>
    <ClInclude Include="ProcessHelper.h">
      <Filter>Header Files</Filter>
    </ClInclude>
    <ClInclude Include="DriverHelper.h">
      <Filter>Header Files</Filter>
    </ClInclude>
  </ItemGroup>
  <ItemGroup>
    <ResourceCompile Include="JobExplorer.rc">
      <Filter>Resource Files</Filter>
    </ResourceCompile>
  </ItemGroup>
  <ItemGroup>
    <Image Include="res\toolbar.bmp">
      <Filter>Resource Files</Filter>
    </Image>
    <Image Include="res\JobExplorer.ico">
      <Filter>Resource Files</Filter>
    </Image>
    <Image Include="res\child.ico">
      <Filter>Resource Files</Filter>
    </Image>
    <Image Include="res\parent.ico">
      <Filter>Resource Files</Filter>
    </Image>
    <Image Include="res\process.ico">
      <Filter>Resource Files</Filter>
    </Image>
    <Image Include="res\processes.ico">
      <Filter>Resource Files</Filter>
    </Image>
  </ItemGroup>
  <ItemGroup>
    <None Include="packages.config" />
    <None Include="res\bin1.bin">
      <Filter>Resource Files</Filter>
    </None>
    <None Include="res\KObjExp.sys" />
  </ItemGroup>
</Project>